
Microsoft Visual Studio Solution File, Format Version 12.00
# Visual Studio Version 16
VisualStudioVersion = 16.0.32929.386
MinimumVisualStudioVersion = 10.0.40219.1
Project("{FAE04EC0-301F-11D3-BF4B-00C04F79EFBC}") = "CHO", "CHO.csproj", "{F5D7C0AE-3EB1-4E36-92DE-16D000DCBB40}"
EndProject
Global
	GlobalSection(SolutionConfigurationPlatforms) = preSolution
		Debug|Any CPU = Debug|Any CPU
		Release|Any CPU = Release|Any CPU
	EndGlobalSection
	GlobalSection(ProjectConfigurationPlatforms) = postSolution
		{F5D7C0AE-3EB1-4E36-92DE-16D000DCBB40}.Debug|Any CPU.ActiveCfg = Debug|Any CPU
		{F5D7C0AE-3EB1-4E36-92DE-16D000DCBB40}.Debug|Any CPU.Build.0 = Debug|Any CPU
		{F5D7C0AE-3EB1-4E36-92DE-16D000DCBB40}.Release|Any CPU.ActiveCfg = Release|Any CPU
		{F5D7C0AE-3EB1-4E36-92DE-16D000DCBB40}.Release|Any CPU.Build.0 = Release|Any CPU
	EndGlobalSection
	GlobalSection(SolutionProperties) = preSolution
		HideSolutionNode = FALSE
	EndGlobalSection
	GlobalSection(ExtensibilityGlobals) = postSolution
		SolutionGuid = {1DF28C35-1ECD-4157-98EB-979E343E735C}
	EndGlobalSection
EndGlobal
